
Microsoft Visual Studio Solution File, Format Version 12.00
# Visual Studio Version 17
VisualStudioVersion = 17.3.32901.215
MinimumVisualStudioVersion = 10.0.40219.1
Project("{FAE04EC0-301F-11D3-BF4B-00C04F79EFBC}") = "Othello", "Othello.csproj", "{ADD5B2B0-BC03-4DE3-94F1-A36C42519742}"
EndProject
Global
	GlobalSection(SolutionConfigurationPlatforms) = preSolution
		Debug|Any CPU = Debug|Any CPU
		Release|Any CPU = Release|Any CPU
	EndGlobalSection
	GlobalSection(ProjectConfigurationPlatforms) = postSolution
		{ADD5B2B0-BC03-4DE3-94F1-A36C42519742}.Debug|Any CPU.ActiveCfg = Debug|Any CPU
		{ADD5B2B0-BC03-4DE3-94F1-A36C42519742}.Debug|Any CPU.Build.0 = Debug|Any CPU
		{ADD5B2B0-BC03-4DE3-94F1-A36C42519742}.Release|Any CPU.ActiveCfg = Release|Any CPU
		{ADD5B2B0-BC03-4DE3-94F1-A36C42519742}.Release|Any CPU.Build.0 = Release|Any CPU
	EndGlobalSection
	GlobalSection(SolutionProperties) = preSolution
		HideSolutionNode = FALSE
	EndGlobalSection
	GlobalSection(ExtensibilityGlobals) = postSolution
		SolutionGuid = {15D33067-0BB5-4195-BAFD-BF1F7A250E50}
	EndGlobalSection
EndGlobal
